
Microsoft Visual Studio Solution File, Format Version 12.00
# Visual Studio Version 16
VisualStudioVersion = 16.0.30204.135
MinimumVisualStudioVersion = 10.0.40219.1
Project("{F184B08F-C81C-45F6-A57F-5ABD9991F28F}") = "ProjectSV_EPU", "ProjectSV_EPU\ProjectSV_EPU.vbproj", "{77020BEE-679F-4D0D-B7F5-83444815E77C}"
EndProject
Global
	GlobalSection(SolutionConfigurationPlatforms) = preSolution
		Debug|Any CPU = Debug|Any CPU
		Release|Any CPU = Release|Any CPU
	EndGlobalSection
	GlobalSection(ProjectConfigurationPlatforms) = postSolution
		{77020BEE-679F-4D0D-B7F5-83444815E77C}.Debug|Any CPU.ActiveCfg = Debug|Any CPU
		{77020BEE-679F-4D0D-B7F5-83444815E77C}.Debug|Any CPU.Build.0 = Debug|Any CPU
		{77020BEE-679F-4D0D-B7F5-83444815E77C}.Release|Any CPU.ActiveCfg = Release|Any CPU
		{77020BEE-679F-4D0D-B7F5-83444815E77C}.Release|Any CPU.Build.0 = Release|Any CPU
	EndGlobalSection
	GlobalSection(SolutionProperties) = preSolution
		HideSolutionNode = FALSE
	EndGlobalSection
	GlobalSection(ExtensibilityGlobals) = postSolution
		SolutionGuid = {A5A400DA-8F17-4806-9C12-E1889AD8346A}
	EndGlobalSection
EndGlobal
